<?xml version="1.0" encoding="utf-8"?>
<Project ToolsVersion="4.0" xmlns="http://schemas.microsoft.com/developer/msbuild/2003">
  <ItemGroup>
    <Filter Include="Source Files">
      <UniqueIdentifier>{4FC737F1-C7A5-4376-A066-2A32D752A2FF}</UniqueIdentifier>
      <Extensions>cpp;c;cc;cxx;def;odl;idl;hpj;bat;asm;asmx</Extensions>
    </Filter>
    <Filter Include="Header Files">
      <UniqueIdentifier>{93995380-89BD-4b04-88EB-625FBE52EBFB}</UniqueIdentifier>
      <Extensions>h;hh;hpp;hxx;hm;inl;inc;xsd</Extensions>
    </Filter>
    <Filter Include="Resource Files">
      <UniqueIdentifier>{67DA6AB6-F800-4c08-8B7A-83BB121AAD01}</UniqueIdentifier>
      <Extensions>rc;ico;cur;bmp;dlg;rc2;rct;bin;rgs;gif;jpg;jpeg;jpe;resx;tiff;tif;png;wav;mfcribbon-ms</Extensions>
    </Filter>
    <Filter Include="Source Files\Render">
      <UniqueIdentifier>{b1c40920-2710-461d-9daf-77a1275aa913}</UniqueIdentifier>
    </Filter>
    <Filter Include="Source Files\Base">
      <UniqueIdentifier>{f4eea94f-83eb-45a5-9083-9d1d342a3832}</UniqueIdentifier>
    </Filter>
    <Filter Include="Source Files\Game">
      <UniqueIdentifier>{88006040-0cd4-4cb4-9098-f71b291c3683}</UniqueIdentifier>
    </Filter>
    <Filter Include="Source Files\Math">
      <UniqueIdentifier>{70cf77a2-4ed1-4b70-a766-1a4e9cb28f74}</UniqueIdentifier>
    </Filter>
    <Filter Include="Source Files\Render\Lighting">
      <UniqueIdentifier>{0f877345-4b6e-4792-904e-67bca10b6e3d}</UniqueIdentifier>
    </Filter>
  </ItemGroup>
  <ItemGroup>
    <ClCompile Include="Main.cpp">
      <Filter>Source Files</Filter>
    </ClCompile>
    <ClCompile Include="Screen.cpp">
      <Filter>Source Files\Render</Filter>
    </ClCompile>
    <ClCompile Include="Engine.cpp">
      <Filter>Source Files\Base</Filter>
    </ClCompile>
    <ClCompile Include="Scene.cpp">
      <Filter>Source Files\Game</Filter>
    </ClCompile>
    <ClCompile Include="Vector.cpp">
      <Filter>Source Files\Math</Filter>
    </ClCompile>
    <ClCompile Include="Matrix.cpp">
      <Filter>Source Files\Math</Filter>
    </ClCompile>
    <ClCompile Include="Vertex.cpp">
      <Filter>Source Files\Render</Filter>
    </ClCompile>
    <ClCompile Include="Mesh.cpp">
      <Filter>Source Files\Render</Filter>
    </ClCompile>
    <ClCompile Include="Transform.cpp">
      <Filter>Source Files\Render</Filter>
    </ClCompile>
    <ClCompile Include="Quaternion.cpp">
      <Filter>Source Files\Math</Filter>
    </ClCompile>
    <ClCompile Include="Camera.cpp">
      <Filter>Source Files\Render</Filter>
    </ClCompile>
    <ClCompile Include="Renderer.cpp">
      <Filter>Source Files\Render</Filter>
    </ClCompile>
    <ClCompile Include="TriangleEdge.cpp">
      <Filter>Source Files\Render</Filter>
    </ClCompile>
    <ClCompile Include="SpotLight.cpp">
      <Filter>Source Files\Render\Lighting</Filter>
    </ClCompile>
    <ClCompile Include="PointLight.cpp">
      <Filter>Source Files\Render\Lighting</Filter>
    </ClCompile>
    <ClCompile Include="DirectionalLight.cpp">
      <Filter>Source Files\Render\Lighting</Filter>
    </ClCompile>
    <ClCompile Include="LightingManager.cpp">
      <Filter>Source Files\Render\Lighting</Filter>
    </ClCompile>
    <ClCompile Include="ShadowMap.cpp">
      <Filter>Source Files\Render</Filter>
    </ClCompile>
  </ItemGroup>
  <ItemGroup>
    <ClInclude Include="Screen.hpp">
      <Filter>Source Files\Render</Filter>
    </ClInclude>
    <ClInclude Include="Util.hpp">
      <Filter>Source Files\Base</Filter>
    </ClInclude>
    <ClInclude Include="Engine.hpp">
      <Filter>Source Files\Base</Filter>
    </ClInclude>
    <ClInclude Include="Time.hpp">
      <Filter>Source Files\Base</Filter>
    </ClInclude>
    <ClInclude Include="Scene.hpp">
      <Filter>Source Files\Game</Filter>
    </ClInclude>
    <ClInclude Include="Vector.hpp">
      <Filter>Source Files\Math</Filter>
    </ClInclude>
    <ClInclude Include="MathUtil.hpp">
      <Filter>Source Files\Math</Filter>
    </ClInclude>
    <ClInclude Include="Matrix.hpp">
      <Filter>Source Files\Math</Filter>
    </ClInclude>
    <ClInclude Include="Vertex.hpp">
      <Filter>Source Files\Render</Filter>
    </ClInclude>
    <ClInclude Include="Mesh.hpp">
      <Filter>Source Files\Render</Filter>
    </ClInclude>
    <ClInclude Include="Transform.hpp">
      <Filter>Source Files\Render</Filter>
    </ClInclude>
    <ClInclude Include="Quaternion.hpp">
      <Filter>Source Files\Math</Filter>
    </ClInclude>
    <ClInclude Include="Camera.hpp">
      <Filter>Source Files\Render</Filter>
    </ClInclude>
    <ClInclude Include="Renderer.hpp">
      <Filter>Source Files\Render</Filter>
    </ClInclude>
    <ClInclude Include="TriangleEdge.hpp">
      <Filter>Source Files\Render</Filter>
    </ClInclude>
    <ClInclude Include="Generator.hpp">
      <Filter>Source Files\Game</Filter>
    </ClInclude>
    <ClInclude Include="Color.hpp">
      <Filter>Source Files\Render</Filter>
    </ClInclude>
    <ClInclude Include="SpotLight.hpp">
      <Filter>Source Files\Render\Lighting</Filter>
    </ClInclude>
    <ClInclude Include="PointLight.hpp">
      <Filter>Source Files\Render\Lighting</Filter>
    </ClInclude>
    <ClInclude Include="Attenuation.hpp">
      <Filter>Source Files\Render\Lighting</Filter>
    </ClInclude>
    <ClInclude Include="DirectionalLight.hpp">
      <Filter>Source Files\Render\Lighting</Filter>
    </ClInclude>
    <ClInclude Include="LightingManager.hpp">
      <Filter>Source Files\Render\Lighting</Filter>
    </ClInclude>
    <ClInclude Include="BaseLight.hpp">
      <Filter>Source Files\Render\Lighting</Filter>
    </ClInclude>
    <ClInclude Include="ShadowMap.hpp">
      <Filter>Source Files\Render</Filter>
    </ClInclude>
  </ItemGroup>
</Project>